
Microsoft Visual Studio Solution File, Format Version 12.00
# Visual Studio Version 17
VisualStudioVersion = 17.4.33103.184
MinimumVisualStudioVersion = 10.0.40219.1
Project("{FAE04EC0-301F-11D3-BF4B-00C04F79EFBC}") = "FinalCoder.Core", "FinalCoder.Core\FinalCoder.Core.csproj", "{CA22E673-CCE6-44E0-BF96-2F08DF5657E4}"
EndProject
Project("{FAE04EC0-301F-11D3-BF4B-00C04F79EFBC}") = "FinalCoder", "FinalCoder\FinalCoder.csproj", "{C883D3FD-58FC-4540-8ED1-B3066E7CFBC8}"
EndProject
Global
	GlobalSection(SolutionConfigurationPlatforms) = preSolution
		Debug|Any CPU = Debug|Any CPU
		Release|Any CPU = Release|Any CPU
	EndGlobalSection
	GlobalSection(ProjectConfigurationPlatforms) = postSolution
		{CA22E673-CCE6-44E0-BF96-2F08DF5657E4}.Debug|Any CPU.ActiveCfg = Debug|Any CPU
		{CA22E673-CCE6-44E0-BF96-2F08DF5657E4}.Debug|Any CPU.Build.0 = Debug|Any CPU
		{CA22E673-CCE6-44E0-BF96-2F08DF5657E4}.Release|Any CPU.ActiveCfg = Release|Any CPU
		{CA22E673-CCE6-44E0-BF96-2F08DF5657E4}.Release|Any CPU.Build.0 = Release|Any CPU
		{C883D3FD-58FC-4540-8ED1-B3066E7CFBC8}.Debug|Any CPU.ActiveCfg = Debug|Any CPU
		{C883D3FD-58FC-4540-8ED1-B3066E7CFBC8}.Debug|Any CPU.Build.0 = Debug|Any CPU
		{C883D3FD-58FC-4540-8ED1-B3066E7CFBC8}.Release|Any CPU.ActiveCfg = Release|Any CPU
		{C883D3FD-58FC-4540-8ED1-B3066E7CFBC8}.Release|Any CPU.Build.0 = Release|Any CPU
	EndGlobalSection
	GlobalSection(SolutionProperties) = preSolution
		HideSolutionNode = FALSE
	EndGlobalSection
	GlobalSection(ExtensibilityGlobals) = postSolution
		SolutionGuid = {D572D56C-F799-4D4D-A2D7-A52D7BCE4D51}
	EndGlobalSection
EndGlobal
